
Microsoft Visual Studio Solution File, Format Version 12.00
# Visual Studio Version 16
VisualStudioVersion = 16.0.30011.22
MinimumVisualStudioVersion = 10.0.40219.1
Project("{8BC9CEB8-8B4A-11D0-8D11-00A0C91BC942}") = "2DGameEngineWithSDL", "2DGameEngineWithSDL\2DGameEngineWithSDL.vcxproj", "{E0544D57-A68A-437C-A800-14ED441E98D8}"
EndProject
Global
	GlobalSection(SolutionConfigurationPlatforms) = preSolution
		Debug|x64 = Debug|x64
		Debug|x86 = Debug|x86
		Release|x64 = Release|x64
		Release|x86 = Release|x86
	EndGlobalSection
	GlobalSection(ProjectConfigurationPlatforms) = postSolution
		{E0544D57-A68A-437C-A800-14ED441E98D8}.Debug|x64.ActiveCfg = Debug|x64
		{E0544D57-A68A-437C-A800-14ED441E98D8}.Debug|x64.Build.0 = Debug|x64
		{E0544D57-A68A-437C-A800-14ED441E98D8}.Debug|x86.ActiveCfg = Debug|Win32
		{E0544D57-A68A-437C-A800-14ED441E98D8}.Debug|x86.Build.0 = Debug|Win32
		{E0544D57-A68A-437C-A800-14ED441E98D8}.Release|x64.ActiveCfg = Release|x64
		{E0544D57-A68A-437C-A800-14ED441E98D8}.Release|x64.Build.0 = Release|x64
		{E0544D57-A68A-437C-A800-14ED441E98D8}.Release|x86.ActiveCfg = Release|Win32
		{E0544D57-A68A-437C-A800-14ED441E98D8}.Release|x86.Build.0 = Release|Win32
	EndGlobalSection
	GlobalSection(SolutionProperties) = preSolution
		HideSolutionNode = FALSE
	EndGlobalSection
	GlobalSection(ExtensibilityGlobals) = postSolution
		SolutionGuid = {3EEC2D57-1C6B-425A-8471-4BC5D02260BC}
	EndGlobalSection
EndGlobal
